
Microsoft Visual Studio Solution File, Format Version 12.00
# Visual Studio Version 17
VisualStudioVersion = 17.10.35004.147
MinimumVisualStudioVersion = 10.0.40219.1
Project("{FAE04EC0-301F-11D3-BF4B-00C04F79EFBC}") = "szamologep", "szamologep\szamologep.csproj", "{91F07ED3-5064-4F18-93EE-FBD41C3AC317}"
EndProject
Global
	GlobalSection(SolutionConfigurationPlatforms) = preSolution
		Debug|Any CPU = Debug|Any CPU
		Release|Any CPU = Release|Any CPU
	EndGlobalSection
	GlobalSection(ProjectConfigurationPlatforms) = postSolution
		{91F07ED3-5064-4F18-93EE-FBD41C3AC317}.Debug|Any CPU.ActiveCfg = Debug|Any CPU
		{91F07ED3-5064-4F18-93EE-FBD41C3AC317}.Debug|Any CPU.Build.0 = Debug|Any CPU
		{91F07ED3-5064-4F18-93EE-FBD41C3AC317}.Release|Any CPU.ActiveCfg = Release|Any CPU
		{91F07ED3-5064-4F18-93EE-FBD41C3AC317}.Release|Any CPU.Build.0 = Release|Any CPU
	EndGlobalSection
	GlobalSection(SolutionProperties) = preSolution
		HideSolutionNode = FALSE
	EndGlobalSection
	GlobalSection(ExtensibilityGlobals) = postSolution
		SolutionGuid = {EBBD2DCE-7353-4636-ADA8-5C65C918C4C3}
	EndGlobalSection
EndGlobal
